Microsoft Visual Studio Solution File, Format Version 11.00
# Visual Studio 2008

Project("{3A6556D4-2187-BE1B-E66B-7787D8718C85}") = "Geomancer", "Assembly-CSharp.csproj", "{F6F34FA5-2A46-7C95-F258-FB4B5A0F59C1}"
EndProject
Global
	GlobalSection(SolutionConfigurationPlatforms) = preSolution
		Debug|Any CPU = Debug|Any CPU
		Release|Any CPU = Release|Any CPU
	EndGlobalSection
	GlobalSection(ProjectConfigurationPlatforms) = postSolution
		{F6F34FA5-2A46-7C95-F258-FB4B5A0F59C1}.Debug|Any CPU.ActiveCfg = Debug|Any CPU
		{F6F34FA5-2A46-7C95-F258-FB4B5A0F59C1}.Debug|Any CPU.Build.0 = Debug|Any CPU
		{F6F34FA5-2A46-7C95-F258-FB4B5A0F59C1}.Release|Any CPU.ActiveCfg = Release|Any CPU
		{F6F34FA5-2A46-7C95-F258-FB4B5A0F59C1}.Release|Any CPU.Build.0 = Release|Any CPU
	EndGlobalSection
	GlobalSection(SolutionProperties) = preSolution
		HideSolutionNode = FALSE
	EndGlobalSection
	GlobalSection(MonoDevelopProperties) = preSolution
		StartupItem = Assembly-CSharp.csproj
	EndGlobalSection
EndGlobal
